
Microsoft Visual Studio Solution File, Format Version 12.00
# Visual Studio Version 17
VisualStudioVersion = 17.14.36414.22 d17.14
MinimumVisualStudioVersion = 10.0.40219.1
Project("{FAE04EC0-301F-11D3-BF4B-00C04F79EFBC}") = "KAssistant", "KAssistant\KAssistant.csproj", "{B06335B8-8C29-454D-AB00-1123483B91B8}"
EndProject
Global
	GlobalSection(SolutionConfigurationPlatforms) = preSolution
		Debug|Any CPU = Debug|Any CPU
		Release|Any CPU = Release|Any CPU
	EndGlobalSection
	GlobalSection(ProjectConfigurationPlatforms) = postSolution
		{B06335B8-8C29-454D-AB00-1123483B91B8}.Debug|Any CPU.ActiveCfg = Debug|Any CPU
		{B06335B8-8C29-454D-AB00-1123483B91B8}.Debug|Any CPU.Build.0 = Debug|Any CPU
		{B06335B8-8C29-454D-AB00-1123483B91B8}.Release|Any CPU.ActiveCfg = Release|Any CPU
		{B06335B8-8C29-454D-AB00-1123483B91B8}.Release|Any CPU.Build.0 = Release|Any CPU
	EndGlobalSection
	GlobalSection(SolutionProperties) = preSolution
		HideSolutionNode = FALSE
	EndGlobalSection
	GlobalSection(ExtensibilityGlobals) = postSolution
		SolutionGuid = {A75C0B07-7E29-4CAA-9D1B-016DB4C32738}
	EndGlobalSection
EndGlobal
